// !$*UTF8*$!
{
	archiveVersion = 1;
	classes = {
	};
	objectVersion = 46;
	objects = {

/* Begin PBXBuildFile section */
		65073C801FE8EB1000DD01B7 /* String+MD5.swift in Sources */ = {isa = PBXBuildFile; fileRef = 65073C741FE8EB1000DD01B7 /* String+MD5.swift */; };
		65073C811FE8EB1000DD01B7 /* StringExtensions.swift in Sources */ = {isa = PBXBuildFile; fileRef = 65073C751FE8EB1000DD01B7 /* StringExtensions.swift */; };
		65073C821FE8EB1000DD01B7 /* FloatExtensions.swift in Sources */ = {isa = PBXBuildFile; fileRef = 65073C761FE8EB1000DD01B7 /* FloatExtensions.swift */; };
		65073C831FE8EB1000DD01B7 /* DateExtensions.swift in Sources */ = {isa = PBXBuildFile; fileRef = 65073C771FE8EB1000DD01B7 /* DateExtensions.swift */; };
		65073C841FE8EB1000DD01B7 /* DictionaryExtensions.swift in Sources */ = {isa = PBXBuildFile; fileRef = 65073C781FE8EB1000DD01B7 /* DictionaryExtensions.swift */; };
		65073C851FE8EB1000DD01B7 /* IntExtensions.swift in Sources */ = {isa = PBXBuildFile; fileRef = 65073C791FE8EB1000DD01B7 /* IntExtensions.swift */; };
		65073C861FE8EB1000DD01B7 /* SequenceExtensions.swift in Sources */ = {isa = PBXBuildFile; fileRef = 65073C7A1FE8EB1000DD01B7 /* SequenceExtensions.swift */; };
		65073C871FE8EB1000DD01B7 /* PrintHelper.swift in Sources */ = {isa = PBXBuildFile; fileRef = 65073C7B1FE8EB1000DD01B7 /* PrintHelper.swift */; };
		65073C881FE8EB1000DD01B7 /* DoubleExtensions.swift in Sources */ = {isa = PBXBuildFile; fileRef = 65073C7C1FE8EB1000DD01B7 /* DoubleExtensions.swift */; };
		65073C891FE8EB1000DD01B7 /* ArrayExtensions.swift in Sources */ = {isa = PBXBuildFile; fileRef = 65073C7D1FE8EB1000DD01B7 /* ArrayExtensions.swift */; };
		65073C8A1FE8EB1000DD01B7 /* BundleExtensions.swift in Sources */ = {isa = PBXBuildFile; fileRef = 65073C7E1FE8EB1000DD01B7 /* BundleExtensions.swift */; };
		65073C8B1FE8EB1000DD01B7 /* CountableRangeExtension.swift in Sources */ = {isa = PBXBuildFile; fileRef = 65073C7F1FE8EB1000DD01B7 /* CountableRangeExtension.swift */; };
		65073C951FE8EB2300DD01B7 /* UIViewExtensions.swift in Sources */ = {isa = PBXBuildFile; fileRef = 65073C8C1FE8EB2200DD01B7 /* UIViewExtensions.swift */; };
		65073C961FE8EB2300DD01B7 /* UIColorExtensions.swift in Sources */ = {isa = PBXBuildFile; fileRef = 65073C8D1FE8EB2200DD01B7 /* UIColorExtensions.swift */; };
		65073C971FE8EB2300DD01B7 /* CircularImageView.swift in Sources */ = {isa = PBXBuildFile; fileRef = 65073C8E1FE8EB2200DD01B7 /* CircularImageView.swift */; };
		65073C981FE8EB2300DD01B7 /* StackViewController.swift in Sources */ = {isa = PBXBuildFile; fileRef = 65073C8F1FE8EB2200DD01B7 /* StackViewController.swift */; };
		65073C991FE8EB2300DD01B7 /* UIImageExtensions.swift in Sources */ = {isa = PBXBuildFile; fileRef = 65073C901FE8EB2200DD01B7 /* UIImageExtensions.swift */; };
		65073C9A1FE8EB2300DD01B7 /* UITableViewCellExtensions.swift in Sources */ = {isa = PBXBuildFile; fileRef = 65073C911FE8EB2200DD01B7 /* UITableViewCellExtensions.swift */; };
		65073C9B1FE8EB2300DD01B7 /* GenericTableViewController.swift in Sources */ = {isa = PBXBuildFile; fileRef = 65073C921FE8EB2300DD01B7 /* GenericTableViewController.swift */; };
		65073C9C1FE8EB2300DD01B7 /* CustomSegueProtocol.swift in Sources */ = {isa = PBXBuildFile; fileRef = 65073C931FE8EB2300DD01B7 /* CustomSegueProtocol.swift */; };
		65073C9D1FE8EB2300DD01B7 /* UIViewControllerExtensions.swift in Sources */ = {isa = PBXBuildFile; fileRef = 65073C941FE8EB2300DD01B7 /* UIViewControllerExtensions.swift */; };
		65073CA71FE8EB3900DD01B7 /* NSNumberExtensions.swift in Sources */ = {isa = PBXBuildFile; fileRef = 65073CA41FE8EB3900DD01B7 /* NSNumberExtensions.swift */; };
		65073CA81FE8EB3900DD01B7 /* OptionalExtensions.swift in Sources */ = {isa = PBXBuildFile; fileRef = 65073CA51FE8EB3900DD01B7 /* OptionalExtensions.swift */; };
		65073CA91FE8EB3900DD01B7 /* UserDefaultsExtensions.swift in Sources */ = {isa = PBXBuildFile; fileRef = 65073CA61FE8EB3900DD01B7 /* UserDefaultsExtensions.swift */; };
		65248CBD1F1D02B200E00872 /* IntExtensionsTests.swift in Sources */ = {isa = PBXBuildFile; fileRef = 65248CBC1F1D02B200E00872 /* IntExtensionsTests.swift */; };
		65248CBF1F1D031500E00872 /* UITableViewCellExtensionsTests.swift in Sources */ = {isa = PBXBuildFile; fileRef = 65248CBE1F1D031500E00872 /* UITableViewCellExtensionsTests.swift */; };
		65248CC71F1D065700E00872 /* AppDelegate.swift in Sources */ = {isa = PBXBuildFile; fileRef = 65248CC61F1D065700E00872 /* AppDelegate.swift */; };
		65248CC91F1D065700E00872 /* IntExtensionsViewController.swift in Sources */ = {isa = PBXBuildFile; fileRef = 65248CC81F1D065700E00872 /* IntExtensionsViewController.swift */; };
		65248CCC1F1D065700E00872 /* Main.storyboard in Resources */ = {isa = PBXBuildFile; fileRef = 65248CCA1F1D065700E00872 /* Main.storyboard */; };
		65248CCE1F1D065700E00872 /* Assets.xcassets in Resources */ = {isa = PBXBuildFile; fileRef = 65248CCD1F1D065700E00872 /* Assets.xcassets */; };
		65248CD11F1D065700E00872 /* LaunchScreen.storyboard in Resources */ = {isa = PBXBuildFile; fileRef = 65248CCF1F1D065700E00872 /* LaunchScreen.storyboard */; };
		654982511F19D1FB008EE146 /* SwiftDevHints.framework in Frameworks */ = {isa = PBXBuildFile; fileRef = 654982471F19D1FA008EE146 /* SwiftDevHints.framework */; };
		654982581F19D1FB008EE146 /* SwiftDevHints.h in Headers */ = {isa = PBXBuildFile; fileRef = 6549824A1F19D1FA008EE146 /* SwiftDevHints.h */; settings = {ATTRIBUTES = (Public, ); }; };
		659095BE1FFB3ED3004CDEF9 /* Resource.swift in Sources */ = {isa = PBXBuildFile; fileRef = 659095BD1FFB3ED3004CDEF9 /* Resource.swift */; };
		659095C01FFB3EF3004CDEF9 /* Webservice.swift in Sources */ = {isa = PBXBuildFile; fileRef = 659095BF1FFB3EF3004CDEF9 /* Webservice.swift */; };
		659095C41FFB7242004CDEF9 /* NetworkingTests.swift in Sources */ = {isa = PBXBuildFile; fileRef = 659095C31FFB7242004CDEF9 /* NetworkingTests.swift */; };
		659095C61FFB8296004CDEF9 /* CachedWebservice.swift in Sources */ = {isa = PBXBuildFile; fileRef = 659095C51FFB8296004CDEF9 /* CachedWebservice.swift */; };
		659095C81FFB87D5004CDEF9 /* SHA1.swift in Sources */ = {isa = PBXBuildFile; fileRef = 659095C71FFB87D5004CDEF9 /* SHA1.swift */; };
		659095CA1FFB882D004CDEF9 /* SHA1Tests.swift in Sources */ = {isa = PBXBuildFile; fileRef = 659095C91FFB882D004CDEF9 /* SHA1Tests.swift */; };
		659095CC1FFB9084004CDEF9 /* CountableClosedRangeExtension.swift in Sources */ = {isa = PBXBuildFile; fileRef = 659095CB1FFB9084004CDEF9 /* CountableClosedRangeExtension.swift */; };
		65AE02BA20158B0A003D367B /* SortDescriptor.swift in Sources */ = {isa = PBXBuildFile; fileRef = 65AE02B920158B0A003D367B /* SortDescriptor.swift */; };
		65AE02BC20158C3C003D367B /* SortDescriptorTests.swift in Sources */ = {isa = PBXBuildFile; fileRef = 65AE02BB20158C3C003D367B /* SortDescriptorTests.swift */; };
		65CB5DB52022B5950020C0B8 /* NotificationDescriptor.swift in Sources */ = {isa = PBXBuildFile; fileRef = 65CB5DB42022B5950020C0B8 /* NotificationDescriptor.swift */; };
		65CB5DB72022BB3C0020C0B8 /* NotificationDescriptorViewController.swift in Sources */ = {isa = PBXBuildFile; fileRef = 65CB5DB62022BB3C0020C0B8 /* NotificationDescriptorViewController.swift */; };
		65D2B5681FF4F9BA009B56E9 /* EpisodesViewController.swift in Sources */ = {isa = PBXBuildFile; fileRef = 65D2B5671FF4F9BA009B56E9 /* EpisodesViewController.swift */; };
		E342F67F1F724FA800E8ECCC /* README.en.md in Resources */ = {isa = PBXBuildFile; fileRef = E342F67E1F724FA800E8ECCC /* README.en.md */; };
		E34DA5671F66A3F5009B30E0 /* OptionalExtensionsTests.swift in Sources */ = {isa = PBXBuildFile; fileRef = E34DA5661F66A3F5009B30E0 /* OptionalExtensionsTests.swift */; };
		E3649B5E1F3032DC00236794 /* DoubleExtensionsTests.swift in Sources */ = {isa = PBXBuildFile; fileRef = E3649B5D1F3032DC00236794 /* DoubleExtensionsTests.swift */; };
		E3649B601F30367D00236794 /* DoubleExtensionsViewController.swift in Sources */ = {isa = PBXBuildFile; fileRef = E3649B5F1F30367D00236794 /* DoubleExtensionsViewController.swift */; };
		E36536661F305E6400BF5021 /* NSNumberExtensionsTests.swift in Sources */ = {isa = PBXBuildFile; fileRef = E36536651F305E6400BF5021 /* NSNumberExtensionsTests.swift */; };
		E36536681F30601900BF5021 /* DictionaryExtensionsTests.swift in Sources */ = {isa = PBXBuildFile; fileRef = E36536671F30601900BF5021 /* DictionaryExtensionsTests.swift */; };
		E36A76E91F34216600812ED4 /* SwiftDevHints.framework in Frameworks */ = {isa = PBXBuildFile; fileRef = 654982471F19D1FA008EE146 /* SwiftDevHints.framework */; };
		E37808C61F95BB6C00E4DB1F /* ArrayExtensionsTests.swift in Sources */ = {isa = PBXBuildFile; fileRef = E37808C51F95BB6C00E4DB1F /* ArrayExtensionsTests.swift */; };
		E37808CC1F95D2FF00E4DB1F /* SequenceExtensionsTests.swift in Sources */ = {isa = PBXBuildFile; fileRef = E37808CB1F95D2FF00E4DB1F /* SequenceExtensionsTests.swift */; };
		E38085F71F306C7C007D4004 /* DictionaryExtensionsViewController.swift in Sources */ = {isa = PBXBuildFile; fileRef = E38085F61F306C7C007D4004 /* DictionaryExtensionsViewController.swift */; };
		E392194B1F31625300B6EE00 /* UserDefaultsExtensionsViewController.swift in Sources */ = {isa = PBXBuildFile; fileRef = E392194A1F31625300B6EE00 /* UserDefaultsExtensionsViewController.swift */; };
		E39BC4551F30909F006AB7D1 /* UserDefaultsExtensionsTests.swift in Sources */ = {isa = PBXBuildFile; fileRef = E39BC4541F30909F006AB7D1 /* UserDefaultsExtensionsTests.swift */; };
		E3A0BEEF1F469A4400BB8570 /* UIColorExtensionsTests.swift in Sources */ = {isa = PBXBuildFile; fileRef = E3A0BEEE1F469A4400BB8570 /* UIColorExtensionsTests.swift */; };
		E3A2C85F1F2F31A1007B73CE /* PrintHelperViewController.swift in Sources */ = {isa = PBXBuildFile; fileRef = E3A2C85E1F2F31A1007B73CE /* PrintHelperViewController.swift */; };
		E3A2C8611F2F3331007B73CE /* README.md in Resources */ = {isa = PBXBuildFile; fileRef = E3A2C8601F2F3330007B73CE /* README.md */; };
		E3A2C8631F2F36A8007B73CE /* SwiftDevHints.podspec in Resources */ = {isa = PBXBuildFile; fileRef = E3A2C8621F2F36A8007B73CE /* SwiftDevHints.podspec */; };
		E3D01ED91F459F6D0036FDCA /* StringExtensionsTests.swift in Sources */ = {isa = PBXBuildFile; fileRef = E3D01ED81F459F6D0036FDCA /* StringExtensionsTests.swift */; };
		E3D01EDD1F45A54C0036FDCA /* CountableRangeExtensionsTests.swift in Sources */ = {isa = PBXBuildFile; fileRef = E3D01EDC1F45A54C0036FDCA /* CountableRangeExtensionsTests.swift */; };
		E3D43E1D1F6BA5F500275992 /* SwiftDevHints.framework in Frameworks */ = {isa = PBXBuildFile; fileRef = 654982471F19D1FA008EE146 /* SwiftDevHints.framework */; };
		E3D43E1E1F6BA5F500275992 /* SwiftDevHints.framework in Embed Frameworks */ = {isa = PBXBuildFile; fileRef = 654982471F19D1FA008EE146 /* SwiftDevHints.framework */; settings = {ATTRIBUTES = (CodeSignOnCopy, RemoveHeadersOnCopy, ); }; };
		E3D43E251F6BB4A200275992 /* UIImageFilterViewController.swift in Sources */ = {isa = PBXBuildFile; fileRef = E3D43E241F6BB4A200275992 /* UIImageFilterViewController.swift */; };
		E3D43E271F6BB70200275992 /* Images.xcassets in Resources */ = {isa = PBXBuildFile; fileRef = E3D43E261F6BB70200275992 /* Images.xcassets */; };
		E3E586FA1F32CBDA003855EE /* DemoTableViewController.swift in Sources */ = {isa = PBXBuildFile; fileRef = E3E586F91F32CBDA003855EE /* DemoTableViewController.swift */; };
		E3FAACC21F94BDD600507E53 /* BundleExtensionsTests.swift in Sources */ = {isa = PBXBuildFile; fileRef = E3FAACC11F94BDD600507E53 /* BundleExtensionsTests.swift */; };
/* End PBXBuildFile section */

/* Begin PBXContainerItemProxy section */
		654982521F19D1FB008EE146 /* PBXContainerItemProxy */ = {
			isa = PBXContainerItemProxy;
			containerPortal = 6549823E1F19D1FA008EE146 /* Project object */;
			proxyType = 1;
			remoteGlobalIDString = 654982461F19D1FA008EE146;
			remoteInfo = SwiftDevHints;
		};
		E3D43E1F1F6BA5F500275992 /* PBXContainerItemProxy */ = {
			isa = PBXContainerItemProxy;
			containerPortal = 6549823E1F19D1FA008EE146 /* Project object */;
			proxyType = 1;
			remoteGlobalIDString = 654982461F19D1FA008EE146;
			remoteInfo = SwiftDevHints;
		};
/* End PBXContainerItemProxy section */

/* Begin PBXCopyFilesBuildPhase section */
		E3D43E211F6BA5F600275992 /* Embed Frameworks */ = {
			isa = PBXCopyFilesBuildPhase;
			buildActionMask = 2147483647;
			dstPath = "";
			dstSubfolderSpec = 10;
			files = (
				E3D43E1E1F6BA5F500275992 /* SwiftDevHints.framework in Embed Frameworks */,
			);
			name = "Embed Frameworks";
			runOnlyForDeploymentPostprocessing = 0;
		};
/* End PBXCopyFilesBuildPhase section */

/* Begin PBXFileReference section */
		65073C741FE8EB1000DD01B7 /* String+MD5.swift */ = {isa = PBXFileReference; fileEncoding = 4; lastKnownFileType = sourcecode.swift; path = "String+MD5.swift"; sourceTree = "<group>"; };
		65073C751FE8EB1000DD01B7 /* StringExtensions.swift */ = {isa = PBXFileReference; fileEncoding = 4; lastKnownFileType = sourcecode.swift; path = StringExtensions.swift; sourceTree = "<group>"; };
		65073C761FE8EB1000DD01B7 /* FloatExtensions.swift */ = {isa = PBXFileReference; fileEncoding = 4; lastKnownFileType = sourcecode.swift; path = FloatExtensions.swift; sourceTree = "<group>"; };
		65073C771FE8EB1000DD01B7 /* DateExtensions.swift */ = {isa = PBXFileReference; fileEncoding = 4; lastKnownFileType = sourcecode.swift; path = DateExtensions.swift; sourceTree = "<group>"; };
		65073C781FE8EB1000DD01B7 /* DictionaryExtensions.swift */ = {isa = PBXFileReference; fileEncoding = 4; lastKnownFileType = sourcecode.swift; path = DictionaryExtensions.swift; sourceTree = "<group>"; };
		65073C791FE8EB1000DD01B7 /* IntExtensions.swift */ = {isa = PBXFileReference; fileEncoding = 4; lastKnownFileType = sourcecode.swift; path = IntExtensions.swift; sourceTree = "<group>"; };
		65073C7A1FE8EB1000DD01B7 /* SequenceExtensions.swift */ = {isa = PBXFileReference; fileEncoding = 4; lastKnownFileType = sourcecode.swift; path = SequenceExtensions.swift; sourceTree = "<group>"; };
		65073C7B1FE8EB1000DD01B7 /* PrintHelper.swift */ = {isa = PBXFileReference; fileEncoding = 4; lastKnownFileType = sourcecode.swift; path = PrintHelper.swift; sourceTree = "<group>"; };
		65073C7C1FE8EB1000DD01B7 /* DoubleExtensions.swift */ = {isa = PBXFileReference; fileEncoding = 4; lastKnownFileType = sourcecode.swift; path = DoubleExtensions.swift; sourceTree = "<group>"; };
		65073C7D1FE8EB1000DD01B7 /* ArrayExtensions.swift */ = {isa = PBXFileReference; fileEncoding = 4; lastKnownFileType = sourcecode.swift; path = ArrayExtensions.swift; sourceTree = "<group>"; };
		65073C7E1FE8EB1000DD01B7 /* BundleExtensions.swift */ = {isa = PBXFileReference; fileEncoding = 4; lastKnownFileType = sourcecode.swift; path = BundleExtensions.swift; sourceTree = "<group>"; };
		65073C7F1FE8EB1000DD01B7 /* CountableRangeExtension.swift */ = {isa = PBXFileReference; fileEncoding = 4; lastKnownFileType = sourcecode.swift; path = CountableRangeExtension.swift; sourceTree = "<group>"; };
		65073C8C1FE8EB2200DD01B7 /* UIViewExtensions.swift */ = {isa = PBXFileReference; fileEncoding = 4; lastKnownFileType = sourcecode.swift; path = UIViewExtensions.swift; sourceTree = "<group>"; };
		65073C8D1FE8EB2200DD01B7 /* UIColorExtensions.swift */ = {isa = PBXFileReference; fileEncoding = 4; lastKnownFileType = sourcecode.swift; path = UIColorExtensions.swift; sourceTree = "<group>"; };
		65073C8E1FE8EB2200DD01B7 /* CircularImageView.swift */ = {isa = PBXFileReference; fileEncoding = 4; lastKnownFileType = sourcecode.swift; path = CircularImageView.swift; sourceTree = "<group>"; };
		65073C8F1FE8EB2200DD01B7 /* StackViewController.swift */ = {isa = PBXFileReference; fileEncoding = 4; lastKnownFileType = sourcecode.swift; path = StackViewController.swift; sourceTree = "<group>"; };
		65073C901FE8EB2200DD01B7 /* UIImageExtensions.swift */ = {isa = PBXFileReference; fileEncoding = 4; lastKnownFileType = sourcecode.swift; path = UIImageExtensions.swift; sourceTree = "<group>"; };
		65073C911FE8EB2200DD01B7 /* UITableViewCellExtensions.swift */ = {isa = PBXFileReference; fileEncoding = 4; lastKnownFileType = sourcecode.swift; path = UITableViewCellExtensions.swift; sourceTree = "<group>"; };
		65073C921FE8EB2300DD01B7 /* GenericTableViewController.swift */ = {isa = PBXFileReference; fileEncoding = 4; lastKnownFileType = sourcecode.swift; path = GenericTableViewController.swift; sourceTree = "<group>"; };
		65073C931FE8EB2300DD01B7 /* CustomSegueProtocol.swift */ = {isa = PBXFileReference; fileEncoding = 4; lastKnownFileType = sourcecode.swift; path = CustomSegueProtocol.swift; sourceTree = "<group>"; };
		65073C941FE8EB2300DD01B7 /* UIViewControllerExtensions.swift */ = {isa = PBXFileReference; fileEncoding = 4; lastKnownFileType = sourcecode.swift; path = UIViewControllerExtensions.swift; sourceTree = "<group>"; };
		65073CA41FE8EB3900DD01B7 /* NSNumberExtensions.swift */ = {isa = PBXFileReference; fileEncoding = 4; lastKnownFileType = sourcecode.swift; path = NSNumberExtensions.swift; sourceTree = "<group>"; };
		65073CA51FE8EB3900DD01B7 /* OptionalExtensions.swift */ = {isa = PBXFileReference; fileEncoding = 4; lastKnownFileType = sourcecode.swift; path = OptionalExtensions.swift; sourceTree = "<group>"; };
		65073CA61FE8EB3900DD01B7 /* UserDefaultsExtensions.swift */ = {isa = PBXFileReference; fileEncoding = 4; lastKnownFileType = sourcecode.swift; path = UserDefaultsExtensions.swift; sourceTree = "<group>"; };
		65248CBC1F1D02B200E00872 /* IntExtensionsTests.swift */ = {isa = PBXFileReference; fileEncoding = 4; lastKnownFileType = sourcecode.swift; path = IntExtensionsTests.swift; sourceTree = "<group>"; };
		65248CBE1F1D031500E00872 /* UITableViewCellExtensionsTests.swift */ = {isa = PBXFileReference; fileEncoding = 4; lastKnownFileType = sourcecode.swift; path = UITableViewCellExtensionsTests.swift; sourceTree = "<group>"; };
		65248CC41F1D065700E00872 /* SwiftDevHints-Demo.app */ = {isa = PBXFileReference; explicitFileType = wrapper.application; includeInIndex = 0; path = "SwiftDevHints-Demo.app"; sourceTree = BUILT_PRODUCTS_DIR; };
		65248CC61F1D065700E00872 /* AppDelegate.swift */ = {isa = PBXFileReference; lastKnownFileType = sourcecode.swift; path = AppDelegate.swift; sourceTree = "<group>"; };
		65248CC81F1D065700E00872 /* IntExtensionsViewController.swift */ = {isa = PBXFileReference; lastKnownFileType = sourcecode.swift; path = IntExtensionsViewController.swift; sourceTree = "<group>"; };
		65248CCB1F1D065700E00872 /* Base */ = {isa = PBXFileReference; lastKnownFileType = file.storyboard; name = Base; path = Base.lproj/Main.storyboard; sourceTree = "<group>"; };
		65248CCD1F1D065700E00872 /* Assets.xcassets */ = {isa = PBXFileReference; lastKnownFileType = folder.assetcatalog; path = Assets.xcassets; sourceTree = "<group>"; };
		65248CD01F1D065700E00872 /* Base */ = {isa = PBXFileReference; lastKnownFileType = file.storyboard; name = Base; path = Base.lproj/LaunchScreen.storyboard; sourceTree = "<group>"; };
		65248CD21F1D065700E00872 /* Info.plist */ = {isa = PBXFileReference; lastKnownFileType = text.plist.xml; path = Info.plist; sourceTree = "<group>"; };
		654982471F19D1FA008EE146 /* SwiftDevHints.framework */ = {isa = PBXFileReference; explicitFileType = wrapper.framework; includeInIndex = 0; path = SwiftDevHints.framework; sourceTree = BUILT_PRODUCTS_DIR; };
		6549824A1F19D1FA008EE146 /* SwiftDevHints.h */ = {isa = PBXFileReference; lastKnownFileType = sourcecode.c.h; path = SwiftDevHints.h; sourceTree = "<group>"; };
		6549824B1F19D1FA008EE146 /* Info.plist */ = {isa = PBXFileReference; lastKnownFileType = text.plist.xml; path = Info.plist; sourceTree = "<group>"; };
		654982501F19D1FB008EE146 /* SwiftDevHintsTests.xctest */ = {isa = PBXFileReference; explicitFileType = wrapper.cfbundle; includeInIndex = 0; path = SwiftDevHintsTests.xctest; sourceTree = BUILT_PRODUCTS_DIR; };
		654982571F19D1FB008EE146 /* Info.plist */ = {isa = PBXFileReference; lastKnownFileType = text.plist.xml; path = Info.plist; sourceTree = "<group>"; };
		659095BD1FFB3ED3004CDEF9 /* Resource.swift */ = {isa = PBXFileReference; lastKnownFileType = sourcecode.swift; path = Resource.swift; sourceTree = "<group>"; };
		659095BF1FFB3EF3004CDEF9 /* Webservice.swift */ = {isa = PBXFileReference; lastKnownFileType = sourcecode.swift; path = Webservice.swift; sourceTree = "<group>"; };
		659095C31FFB7242004CDEF9 /* NetworkingTests.swift */ = {isa = PBXFileReference; lastKnownFileType = sourcecode.swift; path = NetworkingTests.swift; sourceTree = "<group>"; };
		659095C51FFB8296004CDEF9 /* CachedWebservice.swift */ = {isa = PBXFileReference; lastKnownFileType = sourcecode.swift; path = CachedWebservice.swift; sourceTree = "<group>"; };
		659095C71FFB87D5004CDEF9 /* SHA1.swift */ = {isa = PBXFileReference; lastKnownFileType = sourcecode.swift; path = SHA1.swift; sourceTree = "<group>"; };
		659095C91FFB882D004CDEF9 /* SHA1Tests.swift */ = {isa = PBXFileReference; lastKnownFileType = sourcecode.swift; path = SHA1Tests.swift; sourceTree = "<group>"; };
		659095CB1FFB9084004CDEF9 /* CountableClosedRangeExtension.swift */ = {isa = PBXFileReference; lastKnownFileType = sourcecode.swift; path = CountableClosedRangeExtension.swift; sourceTree = "<group>"; };
		65AE02B920158B0A003D367B /* SortDescriptor.swift */ = {isa = PBXFileReference; lastKnownFileType = sourcecode.swift; path = SortDescriptor.swift; sourceTree = "<group>"; };
		65AE02BB20158C3C003D367B /* SortDescriptorTests.swift */ = {isa = PBXFileReference; lastKnownFileType = sourcecode.swift; path = SortDescriptorTests.swift; sourceTree = "<group>"; };
		65CB5DB42022B5950020C0B8 /* NotificationDescriptor.swift */ = {isa = PBXFileReference; lastKnownFileType = sourcecode.swift; path = NotificationDescriptor.swift; sourceTree = "<group>"; };
		65CB5DB62022BB3C0020C0B8 /* NotificationDescriptorViewController.swift */ = {isa = PBXFileReference; lastKnownFileType = sourcecode.swift; path = NotificationDescriptorViewController.swift; sourceTree = "<group>"; };
		65D2B5671FF4F9BA009B56E9 /* EpisodesViewController.swift */ = {isa = PBXFileReference; lastKnownFileType = sourcecode.swift; path = EpisodesViewController.swift; sourceTree = "<group>"; };
		E342F67E1F724FA800E8ECCC /* README.en.md */ = {isa = PBXFileReference; fileEncoding = 4; lastKnownFileType = net.daringfireball.markdown; path = README.en.md; sourceTree = "<group>"; };
		E34DA5661F66A3F5009B30E0 /* OptionalExtensionsTests.swift */ = {isa = PBXFileReference; fileEncoding = 4; lastKnownFileType = sourcecode.swift; path = OptionalExtensionsTests.swift; sourceTree = "<group>"; };
		E3649B5D1F3032DC00236794 /* DoubleExtensionsTests.swift */ = {isa = PBXFileReference; lastKnownFileType = sourcecode.swift; path = DoubleExtensionsTests.swift; sourceTree = "<group>"; };
		E3649B5F1F30367D00236794 /* DoubleExtensionsViewController.swift */ = {isa = PBXFileReference; lastKnownFileType = sourcecode.swift; path = DoubleExtensionsViewController.swift; sourceTree = "<group>"; };
		E36536651F305E6400BF5021 /* NSNumberExtensionsTests.swift */ = {isa = PBXFileReference; lastKnownFileType = sourcecode.swift; path = NSNumberExtensionsTests.swift; sourceTree = "<group>"; };
		E36536671F30601900BF5021 /* DictionaryExtensionsTests.swift */ = {isa = PBXFileReference; lastKnownFileType = sourcecode.swift; path = DictionaryExtensionsTests.swift; sourceTree = "<group>"; };
		E37808C51F95BB6C00E4DB1F /* ArrayExtensionsTests.swift */ = {isa = PBXFileReference; lastKnownFileType = sourcecode.swift; path = ArrayExtensionsTests.swift; sourceTree = "<group>"; };
		E37808CB1F95D2FF00E4DB1F /* SequenceExtensionsTests.swift */ = {isa = PBXFileReference; lastKnownFileType = sourcecode.swift; path = SequenceExtensionsTests.swift; sourceTree = "<group>"; };
		E38085F61F306C7C007D4004 /* DictionaryExtensionsViewController.swift */ = {isa = PBXFileReference; lastKnownFileType = sourcecode.swift; path = DictionaryExtensionsViewController.swift; sourceTree = "<group>"; };
		E392194A1F31625300B6EE00 /* UserDefaultsExtensionsViewController.swift */ = {isa = PBXFileReference; lastKnownFileType = sourcecode.swift; path = UserDefaultsExtensionsViewController.swift; sourceTree = "<group>"; };
		E39BC4541F30909F006AB7D1 /* UserDefaultsExtensionsTests.swift */ = {isa = PBXFileReference; lastKnownFileType = sourcecode.swift; path = UserDefaultsExtensionsTests.swift; sourceTree = "<group>"; };
		E3A0BEEE1F469A4400BB8570 /* UIColorExtensionsTests.swift */ = {isa = PBXFileReference; lastKnownFileType = sourcecode.swift; path = UIColorExtensionsTests.swift; sourceTree = "<group>"; };
		E3A2C85E1F2F31A1007B73CE /* PrintHelperViewController.swift */ = {isa = PBXFileReference; lastKnownFileType = sourcecode.swift; path = PrintHelperViewController.swift; sourceTree = "<group>"; };
		E3A2C8601F2F3330007B73CE /* README.md */ = {isa = PBXFileReference; fileEncoding = 4; lastKnownFileType = net.daringfireball.markdown; path = README.md; sourceTree = "<group>"; };
		E3A2C8621F2F36A8007B73CE /* SwiftDevHints.podspec */ = {isa = PBXFileReference; fileEncoding = 4; lastKnownFileType = text; path = SwiftDevHints.podspec; sourceTree = "<group>"; };
		E3D01ED81F459F6D0036FDCA /* StringExtensionsTests.swift */ = {isa = PBXFileReference; lastKnownFileType = sourcecode.swift; path = StringExtensionsTests.swift; sourceTree = "<group>"; };
		E3D01EDC1F45A54C0036FDCA /* CountableRangeExtensionsTests.swift */ = {isa = PBXFileReference; lastKnownFileType = sourcecode.swift; path = CountableRangeExtensionsTests.swift; sourceTree = "<group>"; };
		E3D43E241F6BB4A200275992 /* UIImageFilterViewController.swift */ = {isa = PBXFileReference; lastKnownFileType = sourcecode.swift; path = UIImageFilterViewController.swift; sourceTree = "<group>"; };
		E3D43E261F6BB70200275992 /* Images.xcassets */ = {isa = PBXFileReference; lastKnownFileType = folder.assetcatalog; name = Images.xcassets; path = Sources/Images.xcassets; sourceTree = "<group>"; };
		E3E586F91F32CBDA003855EE /* DemoTableViewController.swift */ = {isa = PBXFileReference; lastKnownFileType = sourcecode.swift; path = DemoTableViewController.swift; sourceTree = "<group>"; };
		E3FAACC11F94BDD600507E53 /* BundleExtensionsTests.swift */ = {isa = PBXFileReference; lastKnownFileType = sourcecode.swift; path = BundleExtensionsTests.swift; sourceTree = "<group>"; };
/* End PBXFileReference section */

/* Begin PBXFrameworksBuildPhase section */
		65248CC11F1D065700E00872 /* Frameworks */ = {
			isa = PBXFrameworksBuildPhase;
			buildActionMask = 2147483647;
			files = (
				E36A76E91F34216600812ED4 /* SwiftDevHints.framework in Frameworks */,
				E3D43E1D1F6BA5F500275992 /* SwiftDevHints.framework in Frameworks */,
			);
			runOnlyForDeploymentPostprocessing = 0;
		};
		654982431F19D1FA008EE146 /* Frameworks */ = {
			isa = PBXFrameworksBuildPhase;
			buildActionMask = 2147483647;
			files = (
			);
			runOnlyForDeploymentPostprocessing = 0;
		};
		6549824D1F19D1FB008EE146 /* Frameworks */ = {
			isa = PBXFrameworksBuildPhase;
			buildActionMask = 2147483647;
			files = (
				654982511F19D1FB008EE146 /* SwiftDevHints.framework in Frameworks */,
			);
			runOnlyForDeploymentPostprocessing = 0;
		};
/* End PBXFrameworksBuildPhase section */

/* Begin PBXGroup section */
		65073C701FE8E9E300DD01B7 /* Sources */ = {
			isa = PBXGroup;
			children = (
				65073C731FE8EADE00DD01B7 /* Networking */,
				65073C711FE8EAC000DD01B7 /* Model */,
				65073C721FE8EAD800DD01B7 /* View */,
			);
			path = Sources;
			sourceTree = "<group>";
		};
		65073C711FE8EAC000DD01B7 /* Model */ = {
			isa = PBXGroup;
			children = (
				65073CA41FE8EB3900DD01B7 /* NSNumberExtensions.swift */,
				65073CA51FE8EB3900DD01B7 /* OptionalExtensions.swift */,
				65073CA61FE8EB3900DD01B7 /* UserDefaultsExtensions.swift */,
				65073C7D1FE8EB1000DD01B7 /* ArrayExtensions.swift */,
				65073C7E1FE8EB1000DD01B7 /* BundleExtensions.swift */,
				65073C7F1FE8EB1000DD01B7 /* CountableRangeExtension.swift */,
				659095CB1FFB9084004CDEF9 /* CountableClosedRangeExtension.swift */,
				65073C771FE8EB1000DD01B7 /* DateExtensions.swift */,
				65073C781FE8EB1000DD01B7 /* DictionaryExtensions.swift */,
				65073C7C1FE8EB1000DD01B7 /* DoubleExtensions.swift */,
				65073C761FE8EB1000DD01B7 /* FloatExtensions.swift */,
				65073C791FE8EB1000DD01B7 /* IntExtensions.swift */,
				65073C7B1FE8EB1000DD01B7 /* PrintHelper.swift */,
				65073C7A1FE8EB1000DD01B7 /* SequenceExtensions.swift */,
				65073C741FE8EB1000DD01B7 /* String+MD5.swift */,
				65073C751FE8EB1000DD01B7 /* StringExtensions.swift */,
				659095C71FFB87D5004CDEF9 /* SHA1.swift */,
				65AE02B920158B0A003D367B /* SortDescriptor.swift */,
				65CB5DB42022B5950020C0B8 /* NotificationDescriptor.swift */,
			);
			name = Model;
			sourceTree = "<group>";
		};
		65073C721FE8EAD800DD01B7 /* View */ = {
			isa = PBXGroup;
			children = (
				65073C8E1FE8EB2200DD01B7 /* CircularImageView.swift */,
				65073C931FE8EB2300DD01B7 /* CustomSegueProtocol.swift */,
				65073C921FE8EB2300DD01B7 /* GenericTableViewController.swift */,
				65073C8F1FE8EB2200DD01B7 /* StackViewController.swift */,
				65073C8D1FE8EB2200DD01B7 /* UIColorExtensions.swift */,
				65073C901FE8EB2200DD01B7 /* UIImageExtensions.swift */,
				65073C911FE8EB2200DD01B7 /* UITableViewCellExtensions.swift */,
				65073C941FE8EB2300DD01B7 /* UIViewControllerExtensions.swift */,
				65073C8C1FE8EB2200DD01B7 /* UIViewExtensions.swift */,
			);
			name = View;
			sourceTree = "<group>";
		};
		65073C731FE8EADE00DD01B7 /* Networking */ = {
			isa = PBXGroup;
			children = (
				659095BD1FFB3ED3004CDEF9 /* Resource.swift */,
				659095BF1FFB3EF3004CDEF9 /* Webservice.swift */,
				659095C51FFB8296004CDEF9 /* CachedWebservice.swift */,
			);
			name = Networking;
			sourceTree = "<group>";
		};
		65248CC51F1D065700E00872 /* SwiftDevHints-Demo */ = {
			isa = PBXGroup;
			children = (
				65248CC61F1D065700E00872 /* AppDelegate.swift */,
				E3E586F91F32CBDA003855EE /* DemoTableViewController.swift */,
				65248CC81F1D065700E00872 /* IntExtensionsViewController.swift */,
				E3649B5F1F30367D00236794 /* DoubleExtensionsViewController.swift */,
				E38085F61F306C7C007D4004 /* DictionaryExtensionsViewController.swift */,
				E392194A1F31625300B6EE00 /* UserDefaultsExtensionsViewController.swift */,
				E3A2C85E1F2F31A1007B73CE /* PrintHelperViewController.swift */,
				E3D43E241F6BB4A200275992 /* UIImageFilterViewController.swift */,
				65D2B5671FF4F9BA009B56E9 /* EpisodesViewController.swift */,
				65CB5DB62022BB3C0020C0B8 /* NotificationDescriptorViewController.swift */,
				65248CCA1F1D065700E00872 /* Main.storyboard */,
				65248CCD1F1D065700E00872 /* Assets.xcassets */,
				65248CCF1F1D065700E00872 /* LaunchScreen.storyboard */,
				65248CD21F1D065700E00872 /* Info.plist */,
			);
			path = "SwiftDevHints-Demo";
			sourceTree = "<group>";
		};
		6549823D1F19D1FA008EE146 = {
			isa = PBXGroup;
			children = (
				E342F67E1F724FA800E8ECCC /* README.en.md */,
				E3A2C8601F2F3330007B73CE /* README.md */,
				E3A2C8621F2F36A8007B73CE /* SwiftDevHints.podspec */,
				654982491F19D1FA008EE146 /* SwiftDevHints */,
				654982541F19D1FB008EE146 /* SwiftDevHintsTests */,
				65248CC51F1D065700E00872 /* SwiftDevHints-Demo */,
				654982481F19D1FA008EE146 /* Products */,
			);
			sourceTree = "<group>";
		};
		654982481F19D1FA008EE146 /* Products */ = {
			isa = PBXGroup;
			children = (
				654982471F19D1FA008EE146 /* SwiftDevHints.framework */,
				654982501F19D1FB008EE146 /* SwiftDevHintsTests.xctest */,
				65248CC41F1D065700E00872 /* SwiftDevHints-Demo.app */,
			);
			name = Products;
			sourceTree = "<group>";
		};
		654982491F19D1FA008EE146 /* SwiftDevHints */ = {
			isa = PBXGroup;
			children = (
				65073C701FE8E9E300DD01B7 /* Sources */,
				6549824A1F19D1FA008EE146 /* SwiftDevHints.h */,
				6549824B1F19D1FA008EE146 /* Info.plist */,
				E3D43E261F6BB70200275992 /* Images.xcassets */,
			);
			path = SwiftDevHints;
			sourceTree = "<group>";
		};
		654982541F19D1FB008EE146 /* SwiftDevHintsTests */ = {
			isa = PBXGroup;
			children = (
				654982571F19D1FB008EE146 /* Info.plist */,
				E3D01EDC1F45A54C0036FDCA /* CountableRangeExtensionsTests.swift */,
				E3D01ED81F459F6D0036FDCA /* StringExtensionsTests.swift */,
				E36536671F30601900BF5021 /* DictionaryExtensionsTests.swift */,
				E3649B5D1F3032DC00236794 /* DoubleExtensionsTests.swift */,
				65248CBC1F1D02B200E00872 /* IntExtensionsTests.swift */,
				E36536651F305E6400BF5021 /* NSNumberExtensionsTests.swift */,
				E39BC4541F30909F006AB7D1 /* UserDefaultsExtensionsTests.swift */,
				65248CBE1F1D031500E00872 /* UITableViewCellExtensionsTests.swift */,
				E3A0BEEE1F469A4400BB8570 /* UIColorExtensionsTests.swift */,
				E34DA5661F66A3F5009B30E0 /* OptionalExtensionsTests.swift */,
				E3FAACC11F94BDD600507E53 /* BundleExtensionsTests.swift */,
				E37808C51F95BB6C00E4DB1F /* ArrayExtensionsTests.swift */,
				E37808CB1F95D2FF00E4DB1F /* SequenceExtensionsTests.swift */,
				659095C31FFB7242004CDEF9 /* NetworkingTests.swift */,
				659095C91FFB882D004CDEF9 /* SHA1Tests.swift */,
				65AE02BB20158C3C003D367B /* SortDescriptorTests.swift */,
			);
			path = SwiftDevHintsTests;
			sourceTree = "<group>";
		};
/* End PBXGroup section */

/* Begin PBXHeadersBuildPhase section */
		654982441F19D1FA008EE146 /* Headers */ = {
			isa = PBXHeadersBuildPhase;
			buildActionMask = 2147483647;
			files = (
				654982581F19D1FB008EE146 /* SwiftDevHints.h in Headers */,
			);
			runOnlyForDeploymentPostprocessing = 0;
		};
/* End PBXHeadersBuildPhase section */

/* Begin PBXNativeTarget section */
		65248CC31F1D065700E00872 /* SwiftDevHints-Demo */ = {
			isa = PBXNativeTarget;
			buildConfigurationList = 65248CD31F1D065700E00872 /* Build configuration list for PBXNativeTarget "SwiftDevHints-Demo" */;
			buildPhases = (
				65248CC01F1D065700E00872 /* Sources */,
				65248CC11F1D065700E00872 /* Frameworks */,
				65248CC21F1D065700E00872 /* Resources */,
				E3D43E211F6BA5F600275992 /* Embed Frameworks */,
			);
			buildRules = (
			);
			dependencies = (
				E3D43E201F6BA5F500275992 /* PBXTargetDependency */,
			);
			name = "SwiftDevHints-Demo";
			productName = "SwiftDevHints-Demo";
			productReference = 65248CC41F1D065700E00872 /* SwiftDevHints-Demo.app */;
			productType = "com.apple.product-type.application";
		};
		654982461F19D1FA008EE146 /* SwiftDevHints */ = {
			isa = PBXNativeTarget;
			buildConfigurationList = 6549825B1F19D1FB008EE146 /* Build configuration list for PBXNativeTarget "SwiftDevHints" */;
			buildPhases = (
				654982421F19D1FA008EE146 /* Sources */,
				654982431F19D1FA008EE146 /* Frameworks */,
				654982441F19D1FA008EE146 /* Headers */,
				654982451F19D1FA008EE146 /* Resources */,
			);
			buildRules = (
			);
			dependencies = (
			);
			name = SwiftDevHints;
			productName = SwiftDevHints;
			productReference = 654982471F19D1FA008EE146 /* SwiftDevHints.framework */;
			productType = "com.apple.product-type.framework";
		};
		6549824F1F19D1FB008EE146 /* SwiftDevHintsTests */ = {
			isa = PBXNativeTarget;
			buildConfigurationList = 6549825E1F19D1FB008EE146 /* Build configuration list for PBXNativeTarget "SwiftDevHintsTests" */;
			buildPhases = (
				6549824C1F19D1FB008EE146 /* Sources */,
				6549824D1F19D1FB008EE146 /* Frameworks */,
				6549824E1F19D1FB008EE146 /* Resources */,
			);
			buildRules = (
			);
			dependencies = (
				654982531F19D1FB008EE146 /* PBXTargetDependency */,
			);
			name = SwiftDevHintsTests;
			productName = SwiftDevHintsTests;
			productReference = 654982501F19D1FB008EE146 /* SwiftDevHintsTests.xctest */;
			productType = "com.apple.product-type.bundle.unit-test";
		};
/* End PBXNativeTarget section */

/* Begin PBXProject section */
		6549823E1F19D1FA008EE146 /* Project object */ = {
			isa = PBXProject;
			attributes = {
				LastSwiftUpdateCheck = 0830;
				LastUpgradeCheck = 0900;
				ORGANIZATIONNAME = "ZHOU DENGFENG DEREK";
				TargetAttributes = {
					65248CC31F1D065700E00872 = {
						CreatedOnToolsVersion = 8.3.3;
						DevelopmentTeam = 73DV6R4Q82;
						ProvisioningStyle = Automatic;
					};
					654982461F19D1FA008EE146 = {
						CreatedOnToolsVersion = 8.3.3;
						DevelopmentTeam = 73DV6R4Q82;
						LastSwiftMigration = 0920;
						ProvisioningStyle = Automatic;
					};
					6549824F1F19D1FB008EE146 = {
						CreatedOnToolsVersion = 8.3.3;
						DevelopmentTeam = 73DV6R4Q82;
						ProvisioningStyle = Automatic;
					};
				};
			};
			buildConfigurationList = 654982411F19D1FA008EE146 /* Build configuration list for PBXProject "SwiftDevHints" */;
			compatibilityVersion = "Xcode 3.2";
			developmentRegion = English;
			hasScannedForEncodings = 0;
			knownRegions = (
				en,
				Base,
			);
			mainGroup = 6549823D1F19D1FA008EE146;
			productRefGroup = 654982481F19D1FA008EE146 /* Products */;
			projectDirPath = "";
			projectRoot = "";
			targets = (
				654982461F19D1FA008EE146 /* SwiftDevHints */,
				6549824F1F19D1FB008EE146 /* SwiftDevHintsTests */,
				65248CC31F1D065700E00872 /* SwiftDevHints-Demo */,
			);
		};
/* End PBXProject section */

/* Begin PBXResourcesBuildPhase section */
		65248CC21F1D065700E00872 /* Resources */ = {
			isa = PBXResourcesBuildPhase;
			buildActionMask = 2147483647;
			files = (
				65248CD11F1D065700E00872 /* LaunchScreen.storyboard in Resources */,
				65248CCE1F1D065700E00872 /* Assets.xcassets in Resources */,
				E3A2C8611F2F3331007B73CE /* README.md in Resources */,
				65248CCC1F1D065700E00872 /* Main.storyboard in Resources */,
			);
			runOnlyForDeploymentPostprocessing = 0;
		};
		654982451F19D1FA008EE146 /* Resources */ = {
			isa = PBXResourcesBuildPhase;
			buildActionMask = 2147483647;
			files = (
				E342F67F1F724FA800E8ECCC /* README.en.md in Resources */,
				E3A2C8631F2F36A8007B73CE /* SwiftDevHints.podspec in Resources */,
				E3D43E271F6BB70200275992 /* Images.xcassets in Resources */,
			);
			runOnlyForDeploymentPostprocessing = 0;
		};
		6549824E1F19D1FB008EE146 /* Resources */ = {
			isa = PBXResourcesBuildPhase;
			buildActionMask = 2147483647;
			files = (
			);
			runOnlyForDeploymentPostprocessing = 0;
		};
/* End PBXResourcesBuildPhase section */

/* Begin PBXSourcesBuildPhase section */
		65248CC01F1D065700E00872 /* Sources */ = {
			isa = PBXSourcesBuildPhase;
			buildActionMask = 2147483647;
			files = (
				E3A2C85F1F2F31A1007B73CE /* PrintHelperViewController.swift in Sources */,
				E38085F71F306C7C007D4004 /* DictionaryExtensionsViewController.swift in Sources */,
				65CB5DB72022BB3C0020C0B8 /* NotificationDescriptorViewController.swift in Sources */,
				E3649B601F30367D00236794 /* DoubleExtensionsViewController.swift in Sources */,
				65D2B5681FF4F9BA009B56E9 /* EpisodesViewController.swift in Sources */,
				E392194B1F31625300B6EE00 /* UserDefaultsExtensionsViewController.swift in Sources */,
				65248CC91F1D065700E00872 /* IntExtensionsViewController.swift in Sources */,
				65248CC71F1D065700E00872 /* AppDelegate.swift in Sources */,
				E3D43E251F6BB4A200275992 /* UIImageFilterViewController.swift in Sources */,
				E3E586FA1F32CBDA003855EE /* DemoTableViewController.swift in Sources */,
			);
			runOnlyForDeploymentPostprocessing = 0;
		};
		654982421F19D1FA008EE146 /* Sources */ = {
			isa = PBXSourcesBuildPhase;
			buildActionMask = 2147483647;
			files = (
				65073C841FE8EB1000DD01B7 /* DictionaryExtensions.swift in Sources */,
				659095C61FFB8296004CDEF9 /* CachedWebservice.swift in Sources */,
				65073CA81FE8EB3900DD01B7 /* OptionalExtensions.swift in Sources */,
				65073C961FE8EB2300DD01B7 /* UIColorExtensions.swift in Sources */,
				65073C891FE8EB1000DD01B7 /* ArrayExtensions.swift in Sources */,
				65073C871FE8EB1000DD01B7 /* PrintHelper.swift in Sources */,
				659095C01FFB3EF3004CDEF9 /* Webservice.swift in Sources */,
				65073C951FE8EB2300DD01B7 /* UIViewExtensions.swift in Sources */,
				65CB5DB52022B5950020C0B8 /* NotificationDescriptor.swift in Sources */,
				65073CA71FE8EB3900DD01B7 /* NSNumberExtensions.swift in Sources */,
				65073C8A1FE8EB1000DD01B7 /* BundleExtensions.swift in Sources */,
				65073C811FE8EB1000DD01B7 /* StringExtensions.swift in Sources */,
				65073C861FE8EB1000DD01B7 /* SequenceExtensions.swift in Sources */,
				659095BE1FFB3ED3004CDEF9 /* Resource.swift in Sources */,
				65073C881FE8EB1000DD01B7 /* DoubleExtensions.swift in Sources */,
				65AE02BA20158B0A003D367B /* SortDescriptor.swift in Sources */,
				65073C981FE8EB2300DD01B7 /* StackViewController.swift in Sources */,
				65073C8B1FE8EB1000DD01B7 /* CountableRangeExtension.swift in Sources */,
				65073C9A1FE8EB2300DD01B7 /* UITableViewCellExtensions.swift in Sources */,
				65073C971FE8EB2300DD01B7 /* CircularImageView.swift in Sources */,
				659095C81FFB87D5004CDEF9 /* SHA1.swift in Sources */,
				65073C9D1FE8EB2300DD01B7 /* UIViewControllerExtensions.swift in Sources */,
				65073C831FE8EB1000DD01B7 /* DateExtensions.swift in Sources */,
				65073CA91FE8EB3900DD01B7 /* UserDefaultsExtensions.swift in Sources */,
				65073C851FE8EB1000DD01B7 /* IntExtensions.swift in Sources */,
				65073C801FE8EB1000DD01B7 /* String+MD5.swift in Sources */,
				65073C9B1FE8EB2300DD01B7 /* GenericTableViewController.swift in Sources */,
				659095CC1FFB9084004CDEF9 /* CountableClosedRangeExtension.swift in Sources */,
				65073C821FE8EB1000DD01B7 /* FloatExtensions.swift in Sources */,
				65073C9C1FE8EB2300DD01B7 /* CustomSegueProtocol.swift in Sources */,
				65073C991FE8EB2300DD01B7 /* UIImageExtensions.swift in Sources */,
			);
			runOnlyForDeploymentPostprocessing = 0;
		};
		6549824C1F19D1FB008EE146 /* Sources */ = {
			isa = PBXSourcesBuildPhase;
			buildActionMask = 2147483647;
			files = (
				659095C41FFB7242004CDEF9 /* NetworkingTests.swift in Sources */,
				E37808CC1F95D2FF00E4DB1F /* SequenceExtensionsTests.swift in Sources */,
				E39BC4551F30909F006AB7D1 /* UserDefaultsExtensionsTests.swift in Sources */,
				65248CBD1F1D02B200E00872 /* IntExtensionsTests.swift in Sources */,
				E36536661F305E6400BF5021 /* NSNumberExtensionsTests.swift in Sources */,
				E3FAACC21F94BDD600507E53 /* BundleExtensionsTests.swift in Sources */,
				E34DA5671F66A3F5009B30E0 /* OptionalExtensionsTests.swift in Sources */,
				E3D01EDD1F45A54C0036FDCA /* CountableRangeExtensionsTests.swift in Sources */,
				659095CA1FFB882D004CDEF9 /* SHA1Tests.swift in Sources */,
				E3D01ED91F459F6D0036FDCA /* StringExtensionsTests.swift in Sources */,
				E37808C61F95BB6C00E4DB1F /* ArrayExtensionsTests.swift in Sources */,
				E3A0BEEF1F469A4400BB8570 /* UIColorExtensionsTests.swift in Sources */,
				E36536681F30601900BF5021 /* DictionaryExtensionsTests.swift in Sources */,
				65248CBF1F1D031500E00872 /* UITableViewCellExtensionsTests.swift in Sources */,
				65AE02BC20158C3C003D367B /* SortDescriptorTests.swift in Sources */,
				E3649B5E1F3032DC00236794 /* DoubleExtensionsTests.swift in Sources */,
			);
			runOnlyForDeploymentPostprocessing = 0;
		};
/* End PBXSourcesBuildPhase section */

/* Begin PBXTargetDependency section */
		654982531F19D1FB008EE146 /* PBXTargetDependency */ = {
			isa = PBXTargetDependency;
			target = 654982461F19D1FA008EE146 /* SwiftDevHints */;
			targetProxy = 654982521F19D1FB008EE146 /* PBXContainerItemProxy */;
		};
		E3D43E201F6BA5F500275992 /* PBXTargetDependency */ = {
			isa = PBXTargetDependency;
			target = 654982461F19D1FA008EE146 /* SwiftDevHints */;
			targetProxy = E3D43E1F1F6BA5F500275992 /* PBXContainerItemProxy */;
		};
/* End PBXTargetDependency section */

/* Begin PBXVariantGroup section */
		65248CCA1F1D065700E00872 /* Main.storyboard */ = {
			isa = PBXVariantGroup;
			children = (
				65248CCB1F1D065700E00872 /* Base */,
			);
			name = Main.storyboard;
			sourceTree = "<group>";
		};
		65248CCF1F1D065700E00872 /* LaunchScreen.storyboard */ = {
			isa = PBXVariantGroup;
			children = (
				65248CD01F1D065700E00872 /* Base */,
			);
			name = LaunchScreen.storyboard;
			sourceTree = "<group>";
		};
/* End PBXVariantGroup section */

/* Begin XCBuildConfiguration section */
		65248CD41F1D065700E00872 /* Debug */ = {
			isa = XCBuildConfiguration;
			buildSettings = {
				ALWAYS_EMBED_SWIFT_STANDARD_LIBRARIES = YES;
				ASSETCATALOG_COMPILER_APPICON_NAME = AppIcon;
				DEVELOPMENT_TEAM = 73DV6R4Q82;
				INFOPLIST_FILE = "SwiftDevHints-Demo/Info.plist";
				IPHONEOS_DEPLOYMENT_TARGET = 10.0;
				LD_RUNPATH_SEARCH_PATHS = "$(inherited) @executable_path/Frameworks";
				PRODUCT_BUNDLE_IDENTIFIER = "com.derekcoder.SwiftDevHints-Demo";
				PRODUCT_NAME = "$(TARGET_NAME)";
				SWIFT_VERSION = 4.0;
			};
			name = Debug;
		};
		65248CD51F1D065700E00872 /* Release */ = {
			isa = XCBuildConfiguration;
			buildSettings = {
				ALWAYS_EMBED_SWIFT_STANDARD_LIBRARIES = YES;
				ASSETCATALOG_COMPILER_APPICON_NAME = AppIcon;
				DEVELOPMENT_TEAM = 73DV6R4Q82;
				INFOPLIST_FILE = "SwiftDevHints-Demo/Info.plist";
				IPHONEOS_DEPLOYMENT_TARGET = 10.0;
				LD_RUNPATH_SEARCH_PATHS = "$(inherited) @executable_path/Frameworks";
				PRODUCT_BUNDLE_IDENTIFIER = "com.derekcoder.SwiftDevHints-Demo";
				PRODUCT_NAME = "$(TARGET_NAME)";
				SWIFT_VERSION = 4.0;
			};
			name = Release;
		};
		654982591F19D1FB008EE146 /* Debug */ = {
			isa = XCBuildConfiguration;
			buildSettings = {
				ALWAYS_SEARCH_USER_PATHS = NO;
				CLANG_ANALYZER_NONNULL = YES;
				CLANG_ANALYZER_NUMBER_OBJECT_CONVERSION = YES_AGGRESSIVE;
				CLANG_CXX_LANGUAGE_STANDARD = "gnu++0x";
				CLANG_CXX_LIBRARY = "libc++";
				CLANG_ENABLE_MODULES = YES;
				CLANG_ENABLE_OBJC_ARC = YES;
				CLANG_WARN_BLOCK_CAPTURE_AUTORELEASING = YES;
				CLANG_WARN_BOOL_CONVERSION = YES;
				CLANG_WARN_COMMA = YES;
				CLANG_WARN_CONSTANT_CONVERSION = YES;
				CLANG_WARN_DIRECT_OBJC_ISA_USAGE = YES_ERROR;
				CLANG_WARN_DOCUMENTATION_COMMENTS = YES;
				CLANG_WARN_EMPTY_BODY = YES;
				CLANG_WARN_ENUM_CONVERSION = YES;
				CLANG_WARN_INFINITE_RECURSION = YES;
				CLANG_WARN_INT_CONVERSION = YES;
				CLANG_WARN_NON_LITERAL_NULL_CONVERSION = YES;
				CLANG_WARN_OBJC_LITERAL_CONVERSION = YES;
				CLANG_WARN_OBJC_ROOT_CLASS = YES_ERROR;
				CLANG_WARN_RANGE_LOOP_ANALYSIS = YES;
				CLANG_WARN_STRICT_PROTOTYPES = YES;
				CLANG_WARN_SUSPICIOUS_MOVE = YES;
				CLANG_WARN_UNREACHABLE_CODE = YES;
				CLANG_WARN__DUPLICATE_METHOD_MATCH = YES;
				"CODE_SIGN_IDENTITY[sdk=iphoneos*]" = "iPhone Developer";
				COPY_PHASE_STRIP = NO;
				CURRENT_PROJECT_VERSION = 1;
				DEBUG_INFORMATION_FORMAT = dwarf;
				ENABLE_STRICT_OBJC_MSGSEND = YES;
				ENABLE_TESTABILITY = YES;
				GCC_C_LANGUAGE_STANDARD = gnu99;
				GCC_DYNAMIC_NO_PIC = NO;
				GCC_NO_COMMON_BLOCKS = YES;
				GCC_OPTIMIZATION_LEVEL = 0;
				GCC_PREPROCESSOR_DEFINITIONS = (
					"DEBUG=1",
					"$(inherited)",
				);
				GCC_WARN_64_TO_32_BIT_CONVERSION = YES;
				GCC_WARN_ABOUT_RETURN_TYPE = YES_ERROR;
				GCC_WARN_UNDECLARED_SELECTOR = YES;
				GCC_WARN_UNINITIALIZED_AUTOS = YES_AGGRESSIVE;
				GCC_WARN_UNUSED_FUNCTION = YES;
				GCC_WARN_UNUSED_VARIABLE = YES;
				IPHONEOS_DEPLOYMENT_TARGET = 10.3;
				MTL_ENABLE_DEBUG_INFO = YES;
				ONLY_ACTIVE_ARCH = YES;
				SDKROOT = iphoneos;
				SWIFT_ACTIVE_COMPILATION_CONDITIONS = DEBUG;
				SWIFT_OPTIMIZATION_LEVEL = "-Onone";
				TARGETED_DEVICE_FAMILY = "1,2";
				VERSIONING_SYSTEM = "apple-generic";
				VERSION_INFO_PREFIX = "";
			};
			name = Debug;
		};
		6549825A1F19D1FB008EE146 /* Release */ = {
			isa = XCBuildConfiguration;
			buildSettings = {
				ALWAYS_SEARCH_USER_PATHS = NO;
				CLANG_ANALYZER_NONNULL = YES;
				CLANG_ANALYZER_NUMBER_OBJECT_CONVERSION = YES_AGGRESSIVE;
				CLANG_CXX_LANGUAGE_STANDARD = "gnu++0x";
				CLANG_CXX_LIBRARY = "libc++";
				CLANG_ENABLE_MODULES = YES;
				CLANG_ENABLE_OBJC_ARC = YES;
				CLANG_WARN_BLOCK_CAPTURE_AUTORELEASING = YES;
				CLANG_WARN_BOOL_CONVERSION = YES;
				CLANG_WARN_COMMA = YES;
				CLANG_WARN_CONSTANT_CONVERSION = YES;
				CLANG_WARN_DIRECT_OBJC_ISA_USAGE = YES_ERROR;
				CLANG_WARN_DOCUMENTATION_COMMENTS = YES;
				CLANG_WARN_EMPTY_BODY = YES;
				CLANG_WARN_ENUM_CONVERSION = YES;
				CLANG_WARN_INFINITE_RECURSION = YES;
				CLANG_WARN_INT_CONVERSION = YES;
				CLANG_WARN_NON_LITERAL_NULL_CONVERSION = YES;
				CLANG_WARN_OBJC_LITERAL_CONVERSION = YES;
				CLANG_WARN_OBJC_ROOT_CLASS = YES_ERROR;
				CLANG_WARN_RANGE_LOOP_ANALYSIS = YES;
				CLANG_WARN_STRICT_PROTOTYPES = YES;
				CLANG_WARN_SUSPICIOUS_MOVE = YES;
				CLANG_WARN_UNREACHABLE_CODE = YES;
				CLANG_WARN__DUPLICATE_METHOD_MATCH = YES;
				"CODE_SIGN_IDENTITY[sdk=iphoneos*]" = "iPhone Developer";
				COPY_PHASE_STRIP = NO;
				CURRENT_PROJECT_VERSION = 1;
				DEBUG_INFORMATION_FORMAT = "dwarf-with-dsym";
				ENABLE_NS_ASSERTIONS = NO;
				ENABLE_STRICT_OBJC_MSGSEND = YES;
				GCC_C_LANGUAGE_STANDARD = gnu99;
				GCC_NO_COMMON_BLOCKS = YES;
				GCC_WARN_64_TO_32_BIT_CONVERSION = YES;
				GCC_WARN_ABOUT_RETURN_TYPE = YES_ERROR;
				GCC_WARN_UNDECLARED_SELECTOR = YES;
				GCC_WARN_UNINITIALIZED_AUTOS = YES_AGGRESSIVE;
				GCC_WARN_UNUSED_FUNCTION = YES;
				GCC_WARN_UNUSED_VARIABLE = YES;
				IPHONEOS_DEPLOYMENT_TARGET = 10.3;
				MTL_ENABLE_DEBUG_INFO = NO;
				SDKROOT = iphoneos;
				SWIFT_OPTIMIZATION_LEVEL = "-Owholemodule";
				TARGETED_DEVICE_FAMILY = "1,2";
				VALIDATE_PRODUCT = YES;
				VERSIONING_SYSTEM = "apple-generic";
				VERSION_INFO_PREFIX = "";
			};
			name = Release;
		};
		6549825C1F19D1FB008EE146 /* Debug */ = {
			isa = XCBuildConfiguration;
			buildSettings = {
				CLANG_ENABLE_MODULES = YES;
				CODE_SIGN_IDENTITY = "";
				DEFINES_MODULE = YES;
				DEVELOPMENT_TEAM = 73DV6R4Q82;
				DYLIB_COMPATIBILITY_VERSION = 1;
				DYLIB_CURRENT_VERSION = 1;
				DYLIB_INSTALL_NAME_BASE = "@rpath";
				INFOPLIST_FILE = SwiftDevHints/Info.plist;
				INSTALL_PATH = "$(LOCAL_LIBRARY_DIR)/Frameworks";
				IPHONEOS_DEPLOYMENT_TARGET = 10.0;
				LD_RUNPATH_SEARCH_PATHS = "$(inherited) @executable_path/Frameworks @loader_path/Frameworks";
				PRODUCT_BUNDLE_IDENTIFIER = com.derekcoder.SwiftDevHints;
				PRODUCT_NAME = "$(TARGET_NAME)";
				SKIP_INSTALL = YES;
				SWIFT_OPTIMIZATION_LEVEL = "-Onone";
				SWIFT_VERSION = 4.0;
			};
			name = Debug;
		};
		6549825D1F19D1FB008EE146 /* Release */ = {
			isa = XCBuildConfiguration;
			buildSettings = {
				CLANG_ENABLE_MODULES = YES;
				CODE_SIGN_IDENTITY = "";
				DEFINES_MODULE = YES;
				DEVELOPMENT_TEAM = 73DV6R4Q82;
				DYLIB_COMPATIBILITY_VERSION = 1;
				DYLIB_CURRENT_VERSION = 1;
				DYLIB_INSTALL_NAME_BASE = "@rpath";
				INFOPLIST_FILE = SwiftDevHints/Info.plist;
				INSTALL_PATH = "$(LOCAL_LIBRARY_DIR)/Frameworks";
				IPHONEOS_DEPLOYMENT_TARGET = 10.0;
				LD_RUNPATH_SEARCH_PATHS = "$(inherited) @executable_path/Frameworks @loader_path/Frameworks";
				PRODUCT_BUNDLE_IDENTIFIER = com.derekcoder.SwiftDevHints;
				PRODUCT_NAME = "$(TARGET_NAME)";
				SKIP_INSTALL = YES;
				SWIFT_VERSION = 4.0;
			};
			name = Release;
		};
		6549825F1F19D1FB008EE146 /* Debug */ = {
			isa = XCBuildConfiguration;
			buildSettings = {
				ALWAYS_EMBED_SWIFT_STANDARD_LIBRARIES = YES;
				DEVELOPMENT_TEAM = 73DV6R4Q82;
				INFOPLIST_FILE = SwiftDevHintsTests/Info.plist;
				LD_RUNPATH_SEARCH_PATHS = "$(inherited) @executable_path/Frameworks @loader_path/Frameworks";
				PRODUCT_BUNDLE_IDENTIFIER = com.derekcoder.SwiftDevHintsTests;
				PRODUCT_NAME = "$(TARGET_NAME)";
				SWIFT_VERSION = 4.0;
			};
			name = Debug;
		};
		654982601F19D1FB008EE146 /* Release */ = {
			isa = XCBuildConfiguration;
			buildSettings = {
				ALWAYS_EMBED_SWIFT_STANDARD_LIBRARIES = YES;
				DEVELOPMENT_TEAM = 73DV6R4Q82;
				INFOPLIST_FILE = SwiftDevHintsTests/Info.plist;
				LD_RUNPATH_SEARCH_PATHS = "$(inherited) @executable_path/Frameworks @loader_path/Frameworks";
				PRODUCT_BUNDLE_IDENTIFIER = com.derekcoder.SwiftDevHintsTests;
				PRODUCT_NAME = "$(TARGET_NAME)";
				SWIFT_VERSION = 4.0;
			};
			name = Release;
		};
/* End XCBuildConfiguration section */

/* Begin XCConfigurationList section */
		65248CD31F1D065700E00872 /* Build configuration list for PBXNativeTarget "SwiftDevHints-Demo" */ = {
			isa = XCConfigurationList;
			buildConfigurations = (
				65248CD41F1D065700E00872 /* Debug */,
				65248CD51F1D065700E00872 /* Release */,
			);
			defaultConfigurationIsVisible = 0;
			defaultConfigurationName = Release;
		};
		654982411F19D1FA008EE146 /* Build configuration list for PBXProject "SwiftDevHints" */ = {
			isa = XCConfigurationList;
			buildConfigurations = (
				654982591F19D1FB008EE146 /* Debug */,
				6549825A1F19D1FB008EE146 /* Release */,
			);
			defaultConfigurationIsVisible = 0;
			defaultConfigurationName = Release;
		};
		6549825B1F19D1FB008EE146 /* Build configuration list for PBXNativeTarget "SwiftDevHints" */ = {
			isa = XCConfigurationList;
			buildConfigurations = (
				6549825C1F19D1FB008EE146 /* Debug */,
				6549825D1F19D1FB008EE146 /* Release */,
			);
			defaultConfigurationIsVisible = 0;
			defaultConfigurationName = Release;
		};
		6549825E1F19D1FB008EE146 /* Build configuration list for PBXNativeTarget "SwiftDevHintsTests" */ = {
			isa = XCConfigurationList;
			buildConfigurations = (
				6549825F1F19D1FB008EE146 /* Debug */,
				654982601F19D1FB008EE146 /* Release */,
			);
			defaultConfigurationIsVisible = 0;
			defaultConfigurationName = Release;
		};
/* End XCConfigurationList section */
	};
	rootObject = 6549823E1F19D1FA008EE146 /* Project object */;
}
